
Microsoft Visual Studio Solution File, Format Version 12.00
# Visual Studio 15
Project("{FAE04EC0-301F-11D3-BF4B-00C04F79EFBC}") = "Assembly-CSharp", "Assembly-CSharp.csproj", "{D43B5EFA-6F30-3707-F7C3-C5F2F6776E92}"
EndProject
Project("{FAE04EC0-301F-11D3-BF4B-00C04F79EFBC}") = "Assembly-CSharp-Editor", "Assembly-CSharp-Editor.csproj", "{A10FAC32-F1C1-ADDA-C006-87A69B466DAD}"
EndProject
Global
	GlobalSection(SolutionConfigurationPlatforms) = preSolution
		Debug|Any CPU = Debug|Any CPU
		Release|Any CPU = Release|Any CPU
	EndGlobalSection
	GlobalSection(ProjectConfigurationPlatforms) = postSolution
		{D43B5EFA-6F30-3707-F7C3-C5F2F6776E92}.Debug|Any CPU.ActiveCfg = Debug|Any CPU
		{D43B5EFA-6F30-3707-F7C3-C5F2F6776E92}.Debug|Any CPU.Build.0 = Debug|Any CPU
		{D43B5EFA-6F30-3707-F7C3-C5F2F6776E92}.Release|Any CPU.ActiveCfg = Release|Any CPU
		{D43B5EFA-6F30-3707-F7C3-C5F2F6776E92}.Release|Any CPU.Build.0 = Release|Any CPU
		{A10FAC32-F1C1-ADDA-C006-87A69B466DAD}.Debug|Any CPU.ActiveCfg = Debug|Any CPU
		{A10FAC32-F1C1-ADDA-C006-87A69B466DAD}.Debug|Any CPU.Build.0 = Debug|Any CPU
		{A10FAC32-F1C1-ADDA-C006-87A69B466DAD}.Release|Any CPU.ActiveCfg = Release|Any CPU
		{A10FAC32-F1C1-ADDA-C006-87A69B466DAD}.Release|Any CPU.Build.0 = Release|Any CPU
	EndGlobalSection
	GlobalSection(SolutionProperties) = preSolution
		HideSolutionNode = FALSE
	EndGlobalSection
EndGlobal
